
Microsoft Visual Studio Solution File, Format Version 12.00
# Visual Studio Version 16
VisualStudioVersion = 16.0.33027.164
MinimumVisualStudioVersion = 10.0.40219.1
Project("{FAE04EC0-301F-11D3-BF4B-00C04F79EFBC}") = "OptionalVars", "OptionalVars\OptionalVars.csproj", "{5E8ABFF7-FA68-4C40-AABA-DA4C60191F21}"
EndProject
Global
	GlobalSection(SolutionConfigurationPlatforms) = preSolution
		Debug|Any CPU = Debug|Any CPU
		Release|Any CPU = Release|Any CPU
	EndGlobalSection
	GlobalSection(ProjectConfigurationPlatforms) = postSolution
		{5E8ABFF7-FA68-4C40-AABA-DA4C60191F21}.Debug|Any CPU.ActiveCfg = Debug|Any CPU
		{5E8ABFF7-FA68-4C40-AABA-DA4C60191F21}.Debug|Any CPU.Build.0 = Debug|Any CPU
		{5E8ABFF7-FA68-4C40-AABA-DA4C60191F21}.Release|Any CPU.ActiveCfg = Release|Any CPU
		{5E8ABFF7-FA68-4C40-AABA-DA4C60191F21}.Release|Any CPU.Build.0 = Release|Any CPU
	EndGlobalSection
	GlobalSection(SolutionProperties) = preSolution
		HideSolutionNode = FALSE
	EndGlobalSection
	GlobalSection(ExtensibilityGlobals) = postSolution
		SolutionGuid = {D5CA92EC-B7ED-48CD-B241-B5B2E7F87DAE}
	EndGlobalSection
EndGlobal
