
Microsoft Visual Studio Solution File, Format Version 12.00
# Visual Studio Version 16
VisualStudioVersion = 16.0.33027.164
MinimumVisualStudioVersion = 10.0.40219.1
Project("{FAE04EC0-301F-11D3-BF4B-00C04F79EFBC}") = "CarInsurance", "CarInsurance\CarInsurance.csproj", "{DC117329-2BC9-4545-A586-DB2F91EB5573}"
EndProject
Global
	GlobalSection(SolutionConfigurationPlatforms) = preSolution
		Debug|Any CPU = Debug|Any CPU
		Release|Any CPU = Release|Any CPU
	EndGlobalSection
	GlobalSection(ProjectConfigurationPlatforms) = postSolution
		{DC117329-2BC9-4545-A586-DB2F91EB5573}.Debug|Any CPU.ActiveCfg = Debug|Any CPU
		{DC117329-2BC9-4545-A586-DB2F91EB5573}.Debug|Any CPU.Build.0 = Debug|Any CPU
		{DC117329-2BC9-4545-A586-DB2F91EB5573}.Release|Any CPU.ActiveCfg = Release|Any CPU
		{DC117329-2BC9-4545-A586-DB2F91EB5573}.Release|Any CPU.Build.0 = Release|Any CPU
	EndGlobalSection
	GlobalSection(SolutionProperties) = preSolution
		HideSolutionNode = FALSE
	EndGlobalSection
	GlobalSection(ExtensibilityGlobals) = postSolution
		SolutionGuid = {E3876E5F-77F9-48E8-8C44-4FB2CC0B3728}
	EndGlobalSection
EndGlobal
