
Microsoft Visual Studio Solution File, Format Version 12.00
# Visual Studio Version 16
VisualStudioVersion = 16.0.33027.164
MinimumVisualStudioVersion = 10.0.40219.1
Project("{FAE04EC0-301F-11D3-BF4B-00C04F79EFBC}") = "NewsletterAppMVC", "NewsletterAppMVC\NewsletterAppMVC.csproj", "{A92BA9AE-5553-4994-977B-67EBE31C6EB0}"
EndProject
Global
	GlobalSection(SolutionConfigurationPlatforms) = preSolution
		Debug|Any CPU = Debug|Any CPU
		Release|Any CPU = Release|Any CPU
	EndGlobalSection
	GlobalSection(ProjectConfigurationPlatforms) = postSolution
		{A92BA9AE-5553-4994-977B-67EBE31C6EB0}.Debug|Any CPU.ActiveCfg = Debug|Any CPU
		{A92BA9AE-5553-4994-977B-67EBE31C6EB0}.Debug|Any CPU.Build.0 = Debug|Any CPU
		{A92BA9AE-5553-4994-977B-67EBE31C6EB0}.Release|Any CPU.ActiveCfg = Release|Any CPU
		{A92BA9AE-5553-4994-977B-67EBE31C6EB0}.Release|Any CPU.Build.0 = Release|Any CPU
	EndGlobalSection
	GlobalSection(SolutionProperties) = preSolution
		HideSolutionNode = FALSE
	EndGlobalSection
	GlobalSection(ExtensibilityGlobals) = postSolution
		SolutionGuid = {1ED329DC-E4F4-493F-AA92-A56372D9629F}
	EndGlobalSection
EndGlobal
