
Microsoft Visual Studio Solution File, Format Version 12.00
# Visual Studio Version 16
VisualStudioVersion = 16.0.33027.164
MinimumVisualStudioVersion = 10.0.40219.1
Project("{FAE04EC0-301F-11D3-BF4B-00C04F79EFBC}") = "DateTimeExample", "DateTimeExample\DateTimeExample.csproj", "{AC487B62-1747-4EBD-8EA7-6BC2EEB07FCD}"
EndProject
Global
	GlobalSection(SolutionConfigurationPlatforms) = preSolution
		Debug|Any CPU = Debug|Any CPU
		Release|Any CPU = Release|Any CPU
	EndGlobalSection
	GlobalSection(ProjectConfigurationPlatforms) = postSolution
		{AC487B62-1747-4EBD-8EA7-6BC2EEB07FCD}.Debug|Any CPU.ActiveCfg = Debug|Any CPU
		{AC487B62-1747-4EBD-8EA7-6BC2EEB07FCD}.Debug|Any CPU.Build.0 = Debug|Any CPU
		{AC487B62-1747-4EBD-8EA7-6BC2EEB07FCD}.Release|Any CPU.ActiveCfg = Release|Any CPU
		{AC487B62-1747-4EBD-8EA7-6BC2EEB07FCD}.Release|Any CPU.Build.0 = Release|Any CPU
	EndGlobalSection
	GlobalSection(SolutionProperties) = preSolution
		HideSolutionNode = FALSE
	EndGlobalSection
	GlobalSection(ExtensibilityGlobals) = postSolution
		SolutionGuid = {CB666462-CE00-4ABF-BC85-7E3ED8D8BD3F}
	EndGlobalSection
EndGlobal
