
Microsoft Visual Studio Solution File, Format Version 12.00
# Visual Studio Version 16
VisualStudioVersion = 16.0.33027.164
MinimumVisualStudioVersion = 10.0.40219.1
Project("{FAE04EC0-301F-11D3-BF4B-00C04F79EFBC}") = "MathMethods", "MathMethods\MathMethods.csproj", "{F1B42229-375E-48D5-88F5-A653FDFE9659}"
EndProject
Global
	GlobalSection(SolutionConfigurationPlatforms) = preSolution
		Debug|Any CPU = Debug|Any CPU
		Release|Any CPU = Release|Any CPU
	EndGlobalSection
	GlobalSection(ProjectConfigurationPlatforms) = postSolution
		{F1B42229-375E-48D5-88F5-A653FDFE9659}.Debug|Any CPU.ActiveCfg = Debug|Any CPU
		{F1B42229-375E-48D5-88F5-A653FDFE9659}.Debug|Any CPU.Build.0 = Debug|Any CPU
		{F1B42229-375E-48D5-88F5-A653FDFE9659}.Release|Any CPU.ActiveCfg = Release|Any CPU
		{F1B42229-375E-48D5-88F5-A653FDFE9659}.Release|Any CPU.Build.0 = Release|Any CPU
	EndGlobalSection
	GlobalSection(SolutionProperties) = preSolution
		HideSolutionNode = FALSE
	EndGlobalSection
	GlobalSection(ExtensibilityGlobals) = postSolution
		SolutionGuid = {848B02B7-5F26-44AE-AE33-EEE41A624322}
	EndGlobalSection
EndGlobal
